
Microsoft Visual Studio Solution File, Format Version 12.00
# Visual Studio Version 17
VisualStudioVersion = 17.9.34723.18
MinimumVisualStudioVersion = 10.0.40219.1
Project("{FAE04EC0-301F-11D3-BF4B-00C04F79EFBC}") = "SecureWebApplication", "SecureWebApplication\SecureWebApplication.csproj", "{88B137A1-9638-4308-B4BD-81FDA1FED27B}"
EndProject
Global
	GlobalSection(SolutionConfigurationPlatforms) = preSolution
		Debug|Any CPU = Debug|Any CPU
		Release|Any CPU = Release|Any CPU
	EndGlobalSection
	GlobalSection(ProjectConfigurationPlatforms) = postSolution
		{88B137A1-9638-4308-B4BD-81FDA1FED27B}.Debug|Any CPU.ActiveCfg = Debug|Any CPU
		{88B137A1-9638-4308-B4BD-81FDA1FED27B}.Debug|Any CPU.Build.0 = Debug|Any CPU
		{88B137A1-9638-4308-B4BD-81FDA1FED27B}.Release|Any CPU.ActiveCfg = Release|Any CPU
		{88B137A1-9638-4308-B4BD-81FDA1FED27B}.Release|Any CPU.Build.0 = Release|Any CPU
	EndGlobalSection
	GlobalSection(SolutionProperties) = preSolution
		HideSolutionNode = FALSE
	EndGlobalSection
	GlobalSection(ExtensibilityGlobals) = postSolution
		SolutionGuid = {BEC3E083-C591-4F8E-AF1C-3599C52A462A}
	EndGlobalSection
EndGlobal
